// !$*UTF8*$!
{
	archiveVersion = 1;
	classes = {
	};
	objectVersion = 56;
	objects = {

/* Begin PBXBuildFile section */
		D68282BB2BDE7CF000865D9E /* ToolItem.swift in Sources */ = {isa = PBXBuildFile; fileRef = D68282BA2BDE7CF000865D9E /* ToolItem.swift */; };
		D68282BD2BDE8FA900865D9E /* ClipboardHistory.swift in Sources */ = {isa = PBXBuildFile; fileRef = D68282BC2BDE8FA900865D9E /* ClipboardHistory.swift */; };
		D68CA73C2BCED4A10000E242 /* PresentationMode.swift in Sources */ = {isa = PBXBuildFile; fileRef = D68CA73B2BCED4A10000E242 /* PresentationMode.swift */; };
		D68CA73F2BCEF0B60000E242 /* CommandViewmodel.swift in Sources */ = {isa = PBXBuildFile; fileRef = D68CA73E2BCEF0B60000E242 /* CommandViewmodel.swift */; };
		D6B7324E2BC81AA600B93FA4 /* ToolState.swift in Sources */ = {isa = PBXBuildFile; fileRef = D6B7324D2BC81AA600B93FA4 /* ToolState.swift */; };
		D6B732502BC81B2900B93FA4 /* ToolsView.swift in Sources */ = {isa = PBXBuildFile; fileRef = D6B7324F2BC81B2900B93FA4 /* ToolsView.swift */; };
		D6B732532BC8220700B93FA4 /* HiddenFilesView.swift in Sources */ = {isa = PBXBuildFile; fileRef = D6B732522BC8220700B93FA4 /* HiddenFilesView.swift */; };
		D6DABF922BC6DC0C00884CCD /* MacUtilityToolsApp.swift in Sources */ = {isa = PBXBuildFile; fileRef = D6DABF912BC6DC0C00884CCD /* MacUtilityToolsApp.swift */; };
		D6DABF982BC6DC0F00884CCD /* Assets.xcassets in Resources */ = {isa = PBXBuildFile; fileRef = D6DABF972BC6DC0F00884CCD /* Assets.xcassets */; };
		D6DABF9B2BC6DC0F00884CCD /* Preview Assets.xcassets in Resources */ = {isa = PBXBuildFile; fileRef = D6DABF9A2BC6DC0F00884CCD /* Preview Assets.xcassets */; };
/* End PBXBuildFile section */

/* Begin PBXFileReference section */
		D68282BA2BDE7CF000865D9E /* ToolItem.swift */ = {isa = PBXFileReference; lastKnownFileType = sourcecode.swift; path = ToolItem.swift; sourceTree = "<group>"; };
		D68282BC2BDE8FA900865D9E /* ClipboardHistory.swift */ = {isa = PBXFileReference; lastKnownFileType = sourcecode.swift; path = ClipboardHistory.swift; sourceTree = "<group>"; };
		D68CA73B2BCED4A10000E242 /* PresentationMode.swift */ = {isa = PBXFileReference; lastKnownFileType = sourcecode.swift; path = PresentationMode.swift; sourceTree = "<group>"; };
		D68CA73E2BCEF0B60000E242 /* CommandViewmodel.swift */ = {isa = PBXFileReference; lastKnownFileType = sourcecode.swift; path = CommandViewmodel.swift; sourceTree = "<group>"; };
		D6B7324D2BC81AA600B93FA4 /* ToolState.swift */ = {isa = PBXFileReference; lastKnownFileType = sourcecode.swift; path = ToolState.swift; sourceTree = "<group>"; };
		D6B7324F2BC81B2900B93FA4 /* ToolsView.swift */ = {isa = PBXFileReference; lastKnownFileType = sourcecode.swift; path = ToolsView.swift; sourceTree = "<group>"; };
		D6B732522BC8220700B93FA4 /* HiddenFilesView.swift */ = {isa = PBXFileReference; lastKnownFileType = sourcecode.swift; path = HiddenFilesView.swift; sourceTree = "<group>"; };
		D6DABF8E2BC6DC0B00884CCD /* MacUtilityTools.app */ = {isa = PBXFileReference; explicitFileType = wrapper.application; includeInIndex = 0; path = MacUtilityTools.app; sourceTree = BUILT_PRODUCTS_DIR; };
		D6DABF912BC6DC0C00884CCD /* MacUtilityToolsApp.swift */ = {isa = PBXFileReference; lastKnownFileType = sourcecode.swift; path = MacUtilityToolsApp.swift; sourceTree = "<group>"; };
		D6DABF972BC6DC0F00884CCD /* Assets.xcassets */ = {isa = PBXFileReference; lastKnownFileType = folder.assetcatalog; path = Assets.xcassets; sourceTree = "<group>"; };
		D6DABF9A2BC6DC0F00884CCD /* Preview Assets.xcassets */ = {isa = PBXFileReference; lastKnownFileType = folder.assetcatalog; path = "Preview Assets.xcassets"; sourceTree = "<group>"; };
		D6DABF9C2BC6DC0F00884CCD /* MacUtilityTools.entitlements */ = {isa = PBXFileReference; lastKnownFileType = text.plist.entitlements; path = MacUtilityTools.entitlements; sourceTree = "<group>"; };
/* End PBXFileReference section */

/* Begin PBXFrameworksBuildPhase section */
		D6DABF8B2BC6DC0B00884CCD /* Frameworks */ = {
			isa = PBXFrameworksBuildPhase;
			buildActionMask = 2147483647;
			files = (
			);
			runOnlyForDeploymentPostprocessing = 0;
		};
/* End PBXFrameworksBuildPhase section */

/* Begin PBXGroup section */
		D68CA73D2BCEF0A90000E242 /* Viewmodels */ = {
			isa = PBXGroup;
			children = (
				D68CA73E2BCEF0B60000E242 /* CommandViewmodel.swift */,
			);
			path = Viewmodels;
			sourceTree = "<group>";
		};
		D6B7324C2BC81A9200B93FA4 /* States */ = {
			isa = PBXGroup;
			children = (
				D6B7324D2BC81AA600B93FA4 /* ToolState.swift */,
			);
			path = States;
			sourceTree = "<group>";
		};
		D6B732512BC81BDB00B93FA4 /* Views */ = {
			isa = PBXGroup;
			children = (
				D6B7324F2BC81B2900B93FA4 /* ToolsView.swift */,
				D6B732522BC8220700B93FA4 /* HiddenFilesView.swift */,
				D68CA73B2BCED4A10000E242 /* PresentationMode.swift */,
				D68282BA2BDE7CF000865D9E /* ToolItem.swift */,
				D68282BC2BDE8FA900865D9E /* ClipboardHistory.swift */,
			);
			path = Views;
			sourceTree = "<group>";
		};
		D6DABF852BC6DC0B00884CCD = {
			isa = PBXGroup;
			children = (
				D6DABF902BC6DC0B00884CCD /* MacUtilityTools */,
				D6DABF8F2BC6DC0B00884CCD /* Products */,
			);
			sourceTree = "<group>";
		};
		D6DABF8F2BC6DC0B00884CCD /* Products */ = {
			isa = PBXGroup;
			children = (
				D6DABF8E2BC6DC0B00884CCD /* MacUtilityTools.app */,
			);
			name = Products;
			sourceTree = "<group>";
		};
		D6DABF902BC6DC0B00884CCD /* MacUtilityTools */ = {
			isa = PBXGroup;
			children = (
				D68CA73D2BCEF0A90000E242 /* Viewmodels */,
				D6B732512BC81BDB00B93FA4 /* Views */,
				D6B7324C2BC81A9200B93FA4 /* States */,
				D6DABF912BC6DC0C00884CCD /* MacUtilityToolsApp.swift */,
				D6DABF972BC6DC0F00884CCD /* Assets.xcassets */,
				D6DABF9C2BC6DC0F00884CCD /* MacUtilityTools.entitlements */,
				D6DABF992BC6DC0F00884CCD /* Preview Content */,
			);
			path = MacUtilityTools;
			sourceTree = "<group>";
		};
		D6DABF992BC6DC0F00884CCD /* Preview Content */ = {
			isa = PBXGroup;
			children = (
				D6DABF9A2BC6DC0F00884CCD /* Preview Assets.xcassets */,
			);
			path = "Preview Content";
			sourceTree = "<group>";
		};
/* End PBXGroup section */

/* Begin PBXNativeTarget section */
		D6DABF8D2BC6DC0B00884CCD /* MacUtilityTools */ = {
			isa = PBXNativeTarget;
			buildConfigurationList = D6DABF9F2BC6DC0F00884CCD /* Build configuration list for PBXNativeTarget "MacUtilityTools" */;
			buildPhases = (
				D6DABF8A2BC6DC0B00884CCD /* Sources */,
				D6DABF8B2BC6DC0B00884CCD /* Frameworks */,
				D6DABF8C2BC6DC0B00884CCD /* Resources */,
			);
			buildRules = (
			);
			dependencies = (
			);
			name = MacUtilityTools;
			productName = MacUtilityTools;
			productReference = D6DABF8E2BC6DC0B00884CCD /* MacUtilityTools.app */;
			productType = "com.apple.product-type.application";
		};
/* End PBXNativeTarget section */

/* Begin PBXProject section */
		D6DABF862BC6DC0B00884CCD /* Project object */ = {
			isa = PBXProject;
			attributes = {
				BuildIndependentTargetsInParallel = 1;
				LastSwiftUpdateCheck = 1530;
				LastUpgradeCheck = 1530;
				TargetAttributes = {
					D6DABF8D2BC6DC0B00884CCD = {
						CreatedOnToolsVersion = 15.3;
					};
				};
			};
			buildConfigurationList = D6DABF892BC6DC0B00884CCD /* Build configuration list for PBXProject "MacUtilityTools" */;
			compatibilityVersion = "Xcode 14.0";
			developmentRegion = en;
			hasScannedForEncodings = 0;
			knownRegions = (
				en,
				Base,
			);
			mainGroup = D6DABF852BC6DC0B00884CCD;
			productRefGroup = D6DABF8F2BC6DC0B00884CCD /* Products */;
			projectDirPath = "";
			projectRoot = "";
			targets = (
				D6DABF8D2BC6DC0B00884CCD /* MacUtilityTools */,
			);
		};
/* End PBXProject section */

/* Begin PBXResourcesBuildPhase section */
		D6DABF8C2BC6DC0B00884CCD /* Resources */ = {
			isa = PBXResourcesBuildPhase;
			buildActionMask = 2147483647;
			files = (
				D6DABF9B2BC6DC0F00884CCD /* Preview Assets.xcassets in Resources */,
				D6DABF982BC6DC0F00884CCD /* Assets.xcassets in Resources */,
			);
			runOnlyForDeploymentPostprocessing = 0;
		};
/* End PBXResourcesBuildPhase section */

/* Begin PBXSourcesBuildPhase section */
		D6DABF8A2BC6DC0B00884CCD /* Sources */ = {
			isa = PBXSourcesBuildPhase;
			buildActionMask = 2147483647;
			files = (
				D6DABF922BC6DC0C00884CCD /* MacUtilityToolsApp.swift in Sources */,
				D6B732502BC81B2900B93FA4 /* ToolsView.swift in Sources */,
				D6B732532BC8220700B93FA4 /* HiddenFilesView.swift in Sources */,
				D68282BD2BDE8FA900865D9E /* ClipboardHistory.swift in Sources */,
				D68CA73C2BCED4A10000E242 /* PresentationMode.swift in Sources */,
				D68282BB2BDE7CF000865D9E /* ToolItem.swift in Sources */,
				D68CA73F2BCEF0B60000E242 /* CommandViewmodel.swift in Sources */,
				D6B7324E2BC81AA600B93FA4 /* ToolState.swift in Sources */,
			);
			runOnlyForDeploymentPostprocessing = 0;
		};
/* End PBXSourcesBuildPhase section */

/* Begin XCBuildConfiguration section */
		D6DABF9D2BC6DC0F00884CCD /* Debug */ = {
			isa = XCBuildConfiguration;
			buildSettings = {
				ALWAYS_SEARCH_USER_PATHS = NO;
				ASSETCATALOG_COMPILER_GENERATE_SWIFT_ASSET_SYMBOL_EXTENSIONS = YES;
				CLANG_ANALYZER_NONNULL = YES;
				CLANG_ANALYZER_NUMBER_OBJECT_CONVERSION = YES_AGGRESSIVE;
				CLANG_CXX_LANGUAGE_STANDARD = "gnu++20";
				CLANG_ENABLE_MODULES = YES;
				CLANG_ENABLE_OBJC_ARC = YES;
				CLANG_ENABLE_OBJC_WEAK = YES;
				CLANG_WARN_BLOCK_CAPTURE_AUTORELEASING = YES;
				CLANG_WARN_BOOL_CONVERSION = YES;
				CLANG_WARN_COMMA = YES;
				CLANG_WARN_CONSTANT_CONVERSION = YES;
				CLANG_WARN_DEPRECATED_OBJC_IMPLEMENTATIONS = YES;
				CLANG_WARN_DIRECT_OBJC_ISA_USAGE = YES_ERROR;
				CLANG_WARN_DOCUMENTATION_COMMENTS = YES;
				CLANG_WARN_EMPTY_BODY = YES;
				CLANG_WARN_ENUM_CONVERSION = YES;
				CLANG_WARN_INFINITE_RECURSION = YES;
				CLANG_WARN_INT_CONVERSION = YES;
				CLANG_WARN_NON_LITERAL_NULL_CONVERSION = YES;
				CLANG_WARN_OBJC_IMPLICIT_RETAIN_SELF = YES;
				CLANG_WARN_OBJC_LITERAL_CONVERSION = YES;
				CLANG_WARN_OBJC_ROOT_CLASS = YES_ERROR;
				CLANG_WARN_QUOTED_INCLUDE_IN_FRAMEWORK_HEADER = YES;
				CLANG_WARN_RANGE_LOOP_ANALYSIS = YES;
				CLANG_WARN_STRICT_PROTOTYPES = YES;
				CLANG_WARN_SUSPICIOUS_MOVE = YES;
				CLANG_WARN_UNGUARDED_AVAILABILITY = YES_AGGRESSIVE;
				CLANG_WARN_UNREACHABLE_CODE = YES;
				CLANG_WARN__DUPLICATE_METHOD_MATCH = YES;
				COPY_PHASE_STRIP = NO;
				DEBUG_INFORMATION_FORMAT = dwarf;
				ENABLE_STRICT_OBJC_MSGSEND = YES;
				ENABLE_TESTABILITY = YES;
				ENABLE_USER_SCRIPT_SANDBOXING = YES;
				GCC_C_LANGUAGE_STANDARD = gnu17;
				GCC_DYNAMIC_NO_PIC = NO;
				GCC_NO_COMMON_BLOCKS = YES;
				GCC_OPTIMIZATION_LEVEL = 0;
				GCC_PREPROCESSOR_DEFINITIONS = (
					"DEBUG=1",
					"$(inherited)",
				);
				GCC_WARN_64_TO_32_BIT_CONVERSION = YES;
				GCC_WARN_ABOUT_RETURN_TYPE = YES_ERROR;
				GCC_WARN_UNDECLARED_SELECTOR = YES;
				GCC_WARN_UNINITIALIZED_AUTOS = YES_AGGRESSIVE;
				GCC_WARN_UNUSED_FUNCTION = YES;
				GCC_WARN_UNUSED_VARIABLE = YES;
				LOCALIZATION_PREFERS_STRING_CATALOGS = YES;
				MACOSX_DEPLOYMENT_TARGET = 14.3;
				MTL_ENABLE_DEBUG_INFO = INCLUDE_SOURCE;
				MTL_FAST_MATH = YES;
				ONLY_ACTIVE_ARCH = YES;
				SDKROOT = macosx;
				SWIFT_ACTIVE_COMPILATION_CONDITIONS = "DEBUG $(inherited)";
				SWIFT_OPTIMIZATION_LEVEL = "-Onone";
			};
			name = Debug;
		};
		D6DABF9E2BC6DC0F00884CCD /* Release */ = {
			isa = XCBuildConfiguration;
			buildSettings = {
				ALWAYS_SEARCH_USER_PATHS = NO;
				ASSETCATALOG_COMPILER_GENERATE_SWIFT_ASSET_SYMBOL_EXTENSIONS = YES;
				CLANG_ANALYZER_NONNULL = YES;
				CLANG_ANALYZER_NUMBER_OBJECT_CONVERSION = YES_AGGRESSIVE;
				CLANG_CXX_LANGUAGE_STANDARD = "gnu++20";
				CLANG_ENABLE_MODULES = YES;
				CLANG_ENABLE_OBJC_ARC = YES;
				CLANG_ENABLE_OBJC_WEAK = YES;
				CLANG_WARN_BLOCK_CAPTURE_AUTORELEASING = YES;
				CLANG_WARN_BOOL_CONVERSION = YES;
				CLANG_WARN_COMMA = YES;
				CLANG_WARN_CONSTANT_CONVERSION = YES;
				CLANG_WARN_DEPRECATED_OBJC_IMPLEMENTATIONS = YES;
				CLANG_WARN_DIRECT_OBJC_ISA_USAGE = YES_ERROR;
				CLANG_WARN_DOCUMENTATION_COMMENTS = YES;
				CLANG_WARN_EMPTY_BODY = YES;
				CLANG_WARN_ENUM_CONVERSION = YES;
				CLANG_WARN_INFINITE_RECURSION = YES;
				CLANG_WARN_INT_CONVERSION = YES;
				CLANG_WARN_NON_LITERAL_NULL_CONVERSION = YES;
				CLANG_WARN_OBJC_IMPLICIT_RETAIN_SELF = YES;
				CLANG_WARN_OBJC_LITERAL_CONVERSION = YES;
				CLANG_WARN_OBJC_ROOT_CLASS = YES_ERROR;
				CLANG_WARN_QUOTED_INCLUDE_IN_FRAMEWORK_HEADER = YES;
				CLANG_WARN_RANGE_LOOP_ANALYSIS = YES;
				CLANG_WARN_STRICT_PROTOTYPES = YES;
				CLANG_WARN_SUSPICIOUS_MOVE = YES;
				CLANG_WARN_UNGUARDED_AVAILABILITY = YES_AGGRESSIVE;
				CLANG_WARN_UNREACHABLE_CODE = YES;
				CLANG_WARN__DUPLICATE_METHOD_MATCH = YES;
				COPY_PHASE_STRIP = NO;
				DEBUG_INFORMATION_FORMAT = "dwarf-with-dsym";
				ENABLE_NS_ASSERTIONS = NO;
				ENABLE_STRICT_OBJC_MSGSEND = YES;
				ENABLE_USER_SCRIPT_SANDBOXING = YES;
				GCC_C_LANGUAGE_STANDARD = gnu17;
				GCC_NO_COMMON_BLOCKS = YES;
				GCC_WARN_64_TO_32_BIT_CONVERSION = YES;
				GCC_WARN_ABOUT_RETURN_TYPE = YES_ERROR;
				GCC_WARN_UNDECLARED_SELECTOR = YES;
				GCC_WARN_UNINITIALIZED_AUTOS = YES_AGGRESSIVE;
				GCC_WARN_UNUSED_FUNCTION = YES;
				GCC_WARN_UNUSED_VARIABLE = YES;
				LOCALIZATION_PREFERS_STRING_CATALOGS = YES;
				MACOSX_DEPLOYMENT_TARGET = 14.3;
				MTL_ENABLE_DEBUG_INFO = NO;
				MTL_FAST_MATH = YES;
				SDKROOT = macosx;
				SWIFT_COMPILATION_MODE = wholemodule;
			};
			name = Release;
		};
		D6DABFA02BC6DC0F00884CCD /* Debug */ = {
			isa = XCBuildConfiguration;
			buildSettings = {
				ASSETCATALOG_COMPILER_APPICON_NAME = AppIcon;
				ASSETCATALOG_COMPILER_GLOBAL_ACCENT_COLOR_NAME = AccentColor;
				CODE_SIGN_ENTITLEMENTS = MacUtilityTools/MacUtilityTools.entitlements;
				CODE_SIGN_STYLE = Automatic;
				COMBINE_HIDPI_IMAGES = YES;
				CURRENT_PROJECT_VERSION = 1;
				DEVELOPMENT_ASSET_PATHS = "\"MacUtilityTools/Preview Content\"";
				DEVELOPMENT_TEAM = B3X4BJ7B6K;
				ENABLE_HARDENED_RUNTIME = YES;
				ENABLE_PREVIEWS = YES;
				GENERATE_INFOPLIST_FILE = YES;
				INFOPLIST_KEY_LSUIElement = YES;
				INFOPLIST_KEY_NSHumanReadableCopyright = "";
				LD_RUNPATH_SEARCH_PATHS = (
					"$(inherited)",
					"@executable_path/../Frameworks",
				);
				MACOSX_DEPLOYMENT_TARGET = 14.0;
				MARKETING_VERSION = 1.0;
				PRODUCT_BUNDLE_IDENTIFIER = com.thibautmonin.MacUtilityTools;
				PRODUCT_NAME = "$(TARGET_NAME)";
				SWIFT_EMIT_LOC_STRINGS = YES;
				SWIFT_VERSION = 5.0;
			};
			name = Debug;
		};
		D6DABFA12BC6DC0F00884CCD /* Release */ = {
			isa = XCBuildConfiguration;
			buildSettings = {
				ASSETCATALOG_COMPILER_APPICON_NAME = AppIcon;
				ASSETCATALOG_COMPILER_GLOBAL_ACCENT_COLOR_NAME = AccentColor;
				CODE_SIGN_ENTITLEMENTS = MacUtilityTools/MacUtilityTools.entitlements;
				CODE_SIGN_STYLE = Automatic;
				COMBINE_HIDPI_IMAGES = YES;
				CURRENT_PROJECT_VERSION = 1;
				DEVELOPMENT_ASSET_PATHS = "\"MacUtilityTools/Preview Content\"";
				DEVELOPMENT_TEAM = B3X4BJ7B6K;
				ENABLE_HARDENED_RUNTIME = YES;
				ENABLE_PREVIEWS = YES;
				GENERATE_INFOPLIST_FILE = YES;
				INFOPLIST_KEY_LSUIElement = YES;
				INFOPLIST_KEY_NSHumanReadableCopyright = "";
				LD_RUNPATH_SEARCH_PATHS = (
					"$(inherited)",
					"@executable_path/../Frameworks",
				);
				MACOSX_DEPLOYMENT_TARGET = 14.0;
				MARKETING_VERSION = 1.0;
				PRODUCT_BUNDLE_IDENTIFIER = com.thibautmonin.MacUtilityTools;
				PRODUCT_NAME = "$(TARGET_NAME)";
				SWIFT_EMIT_LOC_STRINGS = YES;
				SWIFT_VERSION = 5.0;
			};
			name = Release;
		};
/* End XCBuildConfiguration section */

/* Begin XCConfigurationList section */
		D6DABF892BC6DC0B00884CCD /* Build configuration list for PBXProject "MacUtilityTools" */ = {
			isa = XCConfigurationList;
			buildConfigurations = (
				D6DABF9D2BC6DC0F00884CCD /* Debug */,
				D6DABF9E2BC6DC0F00884CCD /* Release */,
			);
			defaultConfigurationIsVisible = 0;
			defaultConfigurationName = Release;
		};
		D6DABF9F2BC6DC0F00884CCD /* Build configuration list for PBXNativeTarget "MacUtilityTools" */ = {
			isa = XCConfigurationList;
			buildConfigurations = (
				D6DABFA02BC6DC0F00884CCD /* Debug */,
				D6DABFA12BC6DC0F00884CCD /* Release */,
			);
			defaultConfigurationIsVisible = 0;
			defaultConfigurationName = Release;
		};
/* End XCConfigurationList section */
	};
	rootObject = D6DABF862BC6DC0B00884CCD /* Project object */;
}
